# THIS IS AN AUTOGENERATED FILE. DO NOT EDIT THIS FILE DIRECTLY.
# yarn lockfile v1


color-convert@^1.8.2:
  version "1.9.0"
  resolved "https://registry.yarnpkg.com/color-convert/-/color-convert-1.9.0.tgz#1accf97dd739b983bf994d56fec8f95853641b7a"
  dependencies:
    color-name "^1.1.1"

color-name@^1.0.0, color-name@^1.1.1:
  version "1.1.3"
  resolved "https://registry.yarnpkg.com/color-name/-/color-name-1.1.3.tgz#a7d0558bd89c42f795dd42328f740831ca53bc25"

color-string@^1.4.0:
  version "1.5.2"
  resolved "https://registry.yarnpkg.com/color-string/-/color-string-1.5.2.tgz#26e45814bc3c9a7cbd6751648a41434514a773a9"
  dependencies:
    color-name "^1.0.0"
    simple-swizzle "^0.2.2"

color@^2.0.0:
  version "2.0.0"
  resolved "https://registry.yarnpkg.com/color/-/color-2.0.0.tgz#e0c9972d1e969857004b101eaa55ceab5961d67d"
  dependencies:
    color-convert "^1.8.2"
    color-string "^1.4.0"

convert-css-color-name-to-hex@0.1.1:
  version "0.1.1"
  resolved "https://registry.yarnpkg.com/convert-css-color-name-to-hex/-/convert-css-color-name-to-hex-0.1.1.tgz#38ac4d27ca470593fd663b18a072a308926a35a2"
  dependencies:
    css-color-names "0.0.3"
    is-css-color-name "^0.1.1"

css-color-names@0.0.2:
  version "0.0.2"
  resolved "https://registry.yarnpkg.com/css-color-names/-/css-color-names-0.0.2.tgz#fba18e8cff86579572d749c146c47ee83f0ea955"

css-color-names@0.0.3:
  version "0.0.3"
  resolved "https://registry.yarnpkg.com/css-color-names/-/css-color-names-0.0.3.tgz#de0cef16f4d8aa8222a320d5b6d7e9bbada7b9f6"

is-arrayish@^0.3.1:
  version "0.3.1"
  resolved "https://registry.yarnpkg.com/is-arrayish/-/is-arrayish-0.3.1.tgz#c2dfc386abaa0c3e33c48db3fe87059e69065efd"

is-css-color-name@^0.1.1:
  version "0.1.3"
  resolved "https://registry.yarnpkg.com/is-css-color-name/-/is-css-color-name-0.1.3.tgz#ea3b51bc901d8a243d32c9b7873d0680dbbef7f1"
  dependencies:
    css-color-names "0.0.2"

lodash.throttle@4.1.1:
  version "4.1.1"
  resolved "https://registry.yarnpkg.com/lodash.throttle/-/lodash.throttle-4.1.1.tgz#c23e91b710242ac70c37f1e1cda9274cc39bf2f4"

lodash.values@4.3.0:
  version "4.3.0"
  resolved "https://registry.yarnpkg.com/lodash.values/-/lodash.values-4.3.0.tgz#a3a6c2b0ebecc5c2cba1c17e6e620fe81b53d347"

simple-swizzle@^0.2.2:
  version "0.2.2"
  resolved "https://registry.yarnpkg.com/simple-swizzle/-/simple-swizzle-0.2.2.tgz#a4da6b635ffcccca33f70d17cb92592de95e557a"
  dependencies:
    is-arrayish "^0.3.1"

xterm@^2.9.2:
  version "2.9.2"
  resolved "https://registry.yarnpkg.com/xterm/-/xterm-2.9.2.tgz#ec3e7c636ba67af4a7026be2cff7bdf08e56400a"
